
Microsoft Visual Studio Solution File, Format Version 12.00
# Visual Studio Version 16
VisualStudioVersion = 16.0.31605.320
MinimumVisualStudioVersion = 10.0.40219.1
Project("{9A19103F-16F7-4668-BE54-9A1E7A4F7556}") = "todozuluaga.Common", "todozuluaga.Common\todozuluaga.Common.csproj", "{923B22E4-D8EC-4170-A488-A1CEABCC33F8}"
EndProject
Project("{9A19103F-16F7-4668-BE54-9A1E7A4F7556}") = "todozuluaga.Functions", "todozuluaga.Funtions\todozuluaga.Functions.csproj", "{B403F4E0-2F2A-42A4-B17A-E85136D1BD4A}"
EndProject
Project("{9A19103F-16F7-4668-BE54-9A1E7A4F7556}") = "todozuluaga.Test", "todozuluaga.Test\todozuluaga.Test.csproj", "{DA564D22-83AA-48D8-A0CE-7C1A7DF9D9C9}"
EndProject
Global
	GlobalSection(SolutionConfigurationPlatforms) = preSolution
		Debug|Any CPU = Debug|Any CPU
		Release|Any CPU = Release|Any CPU
	EndGlobalSection
	GlobalSection(ProjectConfigurationPlatforms) = postSolution
		{923B22E4-D8EC-4170-A488-A1CEABCC33F8}.Debug|Any CPU.ActiveCfg = Debug|Any CPU
		{923B22E4-D8EC-4170-A488-A1CEABCC33F8}.Debug|Any CPU.Build.0 = Debug|Any CPU
		{923B22E4-D8EC-4170-A488-A1CEABCC33F8}.Release|Any CPU.ActiveCfg = Release|Any CPU
		{923B22E4-D8EC-4170-A488-A1CEABCC33F8}.Release|Any CPU.Build.0 = Release|Any CPU
		{B403F4E0-2F2A-42A4-B17A-E85136D1BD4A}.Debug|Any CPU.ActiveCfg = Debug|Any CPU
		{B403F4E0-2F2A-42A4-B17A-E85136D1BD4A}.Debug|Any CPU.Build.0 = Debug|Any CPU
		{B403F4E0-2F2A-42A4-B17A-E85136D1BD4A}.Release|Any CPU.ActiveCfg = Release|Any CPU
		{B403F4E0-2F2A-42A4-B17A-E85136D1BD4A}.Release|Any CPU.Build.0 = Release|Any CPU
		{DA564D22-83AA-48D8-A0CE-7C1A7DF9D9C9}.Debug|Any CPU.ActiveCfg = Debug|Any CPU
		{DA564D22-83AA-48D8-A0CE-7C1A7DF9D9C9}.Debug|Any CPU.Build.0 = Debug|Any CPU
		{DA564D22-83AA-48D8-A0CE-7C1A7DF9D9C9}.Release|Any CPU.ActiveCfg = Release|Any CPU
		{DA564D22-83AA-48D8-A0CE-7C1A7DF9D9C9}.Release|Any CPU.Build.0 = Release|Any CPU
	EndGlobalSection
	GlobalSection(SolutionProperties) = preSolution
		HideSolutionNode = FALSE
	EndGlobalSection
	GlobalSection(ExtensibilityGlobals) = postSolution
		SolutionGuid = {E60602AA-449C-4EF6-919C-07102943BD94}
	EndGlobalSection
EndGlobal
